
Microsoft Visual Studio Solution File, Format Version 12.00
# Visual Studio Version 17
VisualStudioVersion = 17.5.33627.172
MinimumVisualStudioVersion = 10.0.40219.1
Project("{FAE04EC0-301F-11D3-BF4B-00C04F79EFBC}") = "MinimalBookApi", "MinimalBookApi\MinimalBookApi.csproj", "{22E0EB10-9601-428D-8AA5-A9B3C537DC4E}"
EndProject
Global
	GlobalSection(SolutionConfigurationPlatforms) = preSolution
		Debug|Any CPU = Debug|Any CPU
		Release|Any CPU = Release|Any CPU
	EndGlobalSection
	GlobalSection(ProjectConfigurationPlatforms) = postSolution
		{22E0EB10-9601-428D-8AA5-A9B3C537DC4E}.Debug|Any CPU.ActiveCfg = Debug|Any CPU
		{22E0EB10-9601-428D-8AA5-A9B3C537DC4E}.Debug|Any CPU.Build.0 = Debug|Any CPU
		{22E0EB10-9601-428D-8AA5-A9B3C537DC4E}.Release|Any CPU.ActiveCfg = Release|Any CPU
		{22E0EB10-9601-428D-8AA5-A9B3C537DC4E}.Release|Any CPU.Build.0 = Release|Any CPU
	EndGlobalSection
	GlobalSection(SolutionProperties) = preSolution
		HideSolutionNode = FALSE
	EndGlobalSection
	GlobalSection(ExtensibilityGlobals) = postSolution
		SolutionGuid = {C305DE25-F444-4FBB-82C4-E96CAEA8CF24}
	EndGlobalSection
EndGlobal
